
Microsoft Visual Studio Solution File, Format Version 12.00
# Visual Studio Version 16
VisualStudioVersion = 16.0.30204.135
MinimumVisualStudioVersion = 10.0.40219.1
Project("{FAE04EC0-301F-11D3-BF4B-00C04F79EFBC}") = "Estore.Domain", "Estore.Domain\Estore.Domain.csproj", "{A0CA9293-2C5B-4231-83FE-65296090B539}"
EndProject
Project("{FAE04EC0-301F-11D3-BF4B-00C04F79EFBC}") = "Estore.Application", "Estore.Application\Estore.Application.csproj", "{EFC5811B-30C6-45E3-BAC2-DDB88A57F9DE}"
EndProject
Project("{FAE04EC0-301F-11D3-BF4B-00C04F79EFBC}") = "Estore.Implementation", "Estore.Implementation\Estore.Implementation.csproj", "{9A1327AF-FC44-4A63-B035-39BC92C0658D}"
EndProject
Project("{FAE04EC0-301F-11D3-BF4B-00C04F79EFBC}") = "Estore.DataAccess", "Estore.DataAccess\Estore.DataAccess.csproj", "{591DAEFF-1D32-498C-AE95-082A873B2B8C}"
EndProject
Project("{FAE04EC0-301F-11D3-BF4B-00C04F79EFBC}") = "Estore.Api", "Estore.Api\Estore.Api.csproj", "{3A8A637F-5634-4763-85FB-C7A7694AC607}"
EndProject
Global
	GlobalSection(SolutionConfigurationPlatforms) = preSolution
		Debug|Any CPU = Debug|Any CPU
		Release|Any CPU = Release|Any CPU
	EndGlobalSection
	GlobalSection(ProjectConfigurationPlatforms) = postSolution
		{A0CA9293-2C5B-4231-83FE-65296090B539}.Debug|Any CPU.ActiveCfg = Debug|Any CPU
		{A0CA9293-2C5B-4231-83FE-65296090B539}.Debug|Any CPU.Build.0 = Debug|Any CPU
		{A0CA9293-2C5B-4231-83FE-65296090B539}.Release|Any CPU.ActiveCfg = Release|Any CPU
		{A0CA9293-2C5B-4231-83FE-65296090B539}.Release|Any CPU.Build.0 = Release|Any CPU
		{EFC5811B-30C6-45E3-BAC2-DDB88A57F9DE}.Debug|Any CPU.ActiveCfg = Debug|Any CPU
		{EFC5811B-30C6-45E3-BAC2-DDB88A57F9DE}.Debug|Any CPU.Build.0 = Debug|Any CPU
		{EFC5811B-30C6-45E3-BAC2-DDB88A57F9DE}.Release|Any CPU.ActiveCfg = Release|Any CPU
		{EFC5811B-30C6-45E3-BAC2-DDB88A57F9DE}.Release|Any CPU.Build.0 = Release|Any CPU
		{9A1327AF-FC44-4A63-B035-39BC92C0658D}.Debug|Any CPU.ActiveCfg = Debug|Any CPU
		{9A1327AF-FC44-4A63-B035-39BC92C0658D}.Debug|Any CPU.Build.0 = Debug|Any CPU
		{9A1327AF-FC44-4A63-B035-39BC92C0658D}.Release|Any CPU.ActiveCfg = Release|Any CPU
		{9A1327AF-FC44-4A63-B035-39BC92C0658D}.Release|Any CPU.Build.0 = Release|Any CPU
		{591DAEFF-1D32-498C-AE95-082A873B2B8C}.Debug|Any CPU.ActiveCfg = Debug|Any CPU
		{591DAEFF-1D32-498C-AE95-082A873B2B8C}.Debug|Any CPU.Build.0 = Debug|Any CPU
		{591DAEFF-1D32-498C-AE95-082A873B2B8C}.Release|Any CPU.ActiveCfg = Release|Any CPU
		{591DAEFF-1D32-498C-AE95-082A873B2B8C}.Release|Any CPU.Build.0 = Release|Any CPU
		{3A8A637F-5634-4763-85FB-C7A7694AC607}.Debug|Any CPU.ActiveCfg = Debug|Any CPU
		{3A8A637F-5634-4763-85FB-C7A7694AC607}.Debug|Any CPU.Build.0 = Debug|Any CPU
		{3A8A637F-5634-4763-85FB-C7A7694AC607}.Release|Any CPU.ActiveCfg = Release|Any CPU
		{3A8A637F-5634-4763-85FB-C7A7694AC607}.Release|Any CPU.Build.0 = Release|Any CPU
	EndGlobalSection
	GlobalSection(SolutionProperties) = preSolution
		HideSolutionNode = FALSE
	EndGlobalSection
	GlobalSection(ExtensibilityGlobals) = postSolution
		SolutionGuid = {44F94E08-B18E-42C3-8DD1-530296B99E52}
	EndGlobalSection
EndGlobal
